// !$*UTF8*$!
{
	archiveVersion = 1;
	classes = {
	};
	objectVersion = 56;
	objects = {

/* Begin PBXBuildFile section */
		2CDE5D0D29C0671400E6BAE0 /* AppetizersApp.swift in Sources */ = {isa = PBXBuildFile; fileRef = 2CDE5D0C29C0671400E6BAE0 /* AppetizersApp.swift */; };
		2CDE5D0F29C0671400E6BAE0 /* AppetizerTabView.swift in Sources */ = {isa = PBXBuildFile; fileRef = 2CDE5D0E29C0671400E6BAE0 /* AppetizerTabView.swift */; };
		2CDE5D1129C0671500E6BAE0 /* Assets.xcassets in Resources */ = {isa = PBXBuildFile; fileRef = 2CDE5D1029C0671500E6BAE0 /* Assets.xcassets */; };
		2CDE5D1429C0671500E6BAE0 /* Preview Assets.xcassets in Resources */ = {isa = PBXBuildFile; fileRef = 2CDE5D1329C0671500E6BAE0 /* Preview Assets.xcassets */; };
		2CDE5D1B29C067E100E6BAE0 /* AppetizerListView.swift in Sources */ = {isa = PBXBuildFile; fileRef = 2CDE5D1A29C067E100E6BAE0 /* AppetizerListView.swift */; };
		2CDE5D1D29C067E700E6BAE0 /* AccountView.swift in Sources */ = {isa = PBXBuildFile; fileRef = 2CDE5D1C29C067E700E6BAE0 /* AccountView.swift */; };
		2CDE5D1F29C067EB00E6BAE0 /* OrderView.swift in Sources */ = {isa = PBXBuildFile; fileRef = 2CDE5D1E29C067EB00E6BAE0 /* OrderView.swift */; };
		2CDE5D2129C1C99A00E6BAE0 /* Appetizer.swift in Sources */ = {isa = PBXBuildFile; fileRef = 2CDE5D2029C1C99A00E6BAE0 /* Appetizer.swift */; };
		2CDE5D2329C208AA00E6BAE0 /* AppetizerListCell.swift in Sources */ = {isa = PBXBuildFile; fileRef = 2CDE5D2229C208AA00E6BAE0 /* AppetizerListCell.swift */; };
		2CDE5D2529C49A8000E6BAE0 /* NetworkManager.swift in Sources */ = {isa = PBXBuildFile; fileRef = 2CDE5D2429C49A8000E6BAE0 /* NetworkManager.swift */; };
		2CDE5D2729C49B8200E6BAE0 /* APError.swift in Sources */ = {isa = PBXBuildFile; fileRef = 2CDE5D2629C49B8200E6BAE0 /* APError.swift */; };
		2CEBC9A729C861A400324B31 /* AppetizerListViewModel.swift in Sources */ = {isa = PBXBuildFile; fileRef = 2CEBC9A629C861A400324B31 /* AppetizerListViewModel.swift */; };
		2CEBC9A929C86C4700324B31 /* Alert.swift in Sources */ = {isa = PBXBuildFile; fileRef = 2CEBC9A829C86C4700324B31 /* Alert.swift */; };
		2CEBC9AB29C8700D00324B31 /* LoadingView.swift in Sources */ = {isa = PBXBuildFile; fileRef = 2CEBC9AA29C8700D00324B31 /* LoadingView.swift */; };
		2CEBC9AD29C870FA00324B31 /* Color+Ext.swift in Sources */ = {isa = PBXBuildFile; fileRef = 2CEBC9AC29C870FA00324B31 /* Color+Ext.swift */; };
		7DCD5A142A22501500A41E6A /* RemoteImage.swift in Sources */ = {isa = PBXBuildFile; fileRef = 7DCD5A132A22501500A41E6A /* RemoteImage.swift */; };
/* End PBXBuildFile section */

/* Begin PBXFileReference section */
		2CDE5D0929C0671400E6BAE0 /* Appetizers.app */ = {isa = PBXFileReference; explicitFileType = wrapper.application; includeInIndex = 0; path = Appetizers.app; sourceTree = BUILT_PRODUCTS_DIR; };
		2CDE5D0C29C0671400E6BAE0 /* AppetizersApp.swift */ = {isa = PBXFileReference; lastKnownFileType = sourcecode.swift; path = AppetizersApp.swift; sourceTree = "<group>"; };
		2CDE5D0E29C0671400E6BAE0 /* AppetizerTabView.swift */ = {isa = PBXFileReference; lastKnownFileType = sourcecode.swift; path = AppetizerTabView.swift; sourceTree = "<group>"; };
		2CDE5D1029C0671500E6BAE0 /* Assets.xcassets */ = {isa = PBXFileReference; lastKnownFileType = folder.assetcatalog; path = Assets.xcassets; sourceTree = "<group>"; };
		2CDE5D1329C0671500E6BAE0 /* Preview Assets.xcassets */ = {isa = PBXFileReference; lastKnownFileType = folder.assetcatalog; path = "Preview Assets.xcassets"; sourceTree = "<group>"; };
		2CDE5D1A29C067E100E6BAE0 /* AppetizerListView.swift */ = {isa = PBXFileReference; lastKnownFileType = sourcecode.swift; path = AppetizerListView.swift; sourceTree = "<group>"; };
		2CDE5D1C29C067E700E6BAE0 /* AccountView.swift */ = {isa = PBXFileReference; lastKnownFileType = sourcecode.swift; path = AccountView.swift; sourceTree = "<group>"; };
		2CDE5D1E29C067EB00E6BAE0 /* OrderView.swift */ = {isa = PBXFileReference; lastKnownFileType = sourcecode.swift; path = OrderView.swift; sourceTree = "<group>"; };
		2CDE5D2029C1C99A00E6BAE0 /* Appetizer.swift */ = {isa = PBXFileReference; lastKnownFileType = sourcecode.swift; path = Appetizer.swift; sourceTree = "<group>"; };
		2CDE5D2229C208AA00E6BAE0 /* AppetizerListCell.swift */ = {isa = PBXFileReference; lastKnownFileType = sourcecode.swift; path = AppetizerListCell.swift; sourceTree = "<group>"; };
		2CDE5D2429C49A8000E6BAE0 /* NetworkManager.swift */ = {isa = PBXFileReference; lastKnownFileType = sourcecode.swift; path = NetworkManager.swift; sourceTree = "<group>"; };
		2CDE5D2629C49B8200E6BAE0 /* APError.swift */ = {isa = PBXFileReference; lastKnownFileType = sourcecode.swift; path = APError.swift; sourceTree = "<group>"; };
		2CEBC9A629C861A400324B31 /* AppetizerListViewModel.swift */ = {isa = PBXFileReference; lastKnownFileType = sourcecode.swift; path = AppetizerListViewModel.swift; sourceTree = "<group>"; };
		2CEBC9A829C86C4700324B31 /* Alert.swift */ = {isa = PBXFileReference; lastKnownFileType = sourcecode.swift; path = Alert.swift; sourceTree = "<group>"; };
		2CEBC9AA29C8700D00324B31 /* LoadingView.swift */ = {isa = PBXFileReference; lastKnownFileType = sourcecode.swift; path = LoadingView.swift; sourceTree = "<group>"; };
		2CEBC9AC29C870FA00324B31 /* Color+Ext.swift */ = {isa = PBXFileReference; lastKnownFileType = sourcecode.swift; path = "Color+Ext.swift"; sourceTree = "<group>"; };
		7DCD5A132A22501500A41E6A /* RemoteImage.swift */ = {isa = PBXFileReference; lastKnownFileType = sourcecode.swift; path = RemoteImage.swift; sourceTree = "<group>"; };
/* End PBXFileReference section */

/* Begin PBXFrameworksBuildPhase section */
		2CDE5D0629C0671400E6BAE0 /* Frameworks */ = {
			isa = PBXFrameworksBuildPhase;
			buildActionMask = 2147483647;
			files = (
			);
			runOnlyForDeploymentPostprocessing = 0;
		};
/* End PBXFrameworksBuildPhase section */

/* Begin PBXGroup section */
		2CDE5D0029C0671400E6BAE0 = {
			isa = PBXGroup;
			children = (
				2CDE5D0B29C0671400E6BAE0 /* Appetizers */,
				2CDE5D0A29C0671400E6BAE0 /* Products */,
			);
			sourceTree = "<group>";
		};
		2CDE5D0A29C0671400E6BAE0 /* Products */ = {
			isa = PBXGroup;
			children = (
				2CDE5D0929C0671400E6BAE0 /* Appetizers.app */,
			);
			name = Products;
			sourceTree = "<group>";
		};
		2CDE5D0B29C0671400E6BAE0 /* Appetizers */ = {
			isa = PBXGroup;
			children = (
				7DCD5A1D2A22551F00A41E6A /* Model */,
				7DCD5A192A2254DA00A41E6A /* Utilities */,
				7DCD5A1E2A22553F00A41E6A /* Views */,
				7DCD5A152A22549800A41E6A /* Screens */,
				2CDE5D0C29C0671400E6BAE0 /* AppetizersApp.swift */,
				2CDE5D1029C0671500E6BAE0 /* Assets.xcassets */,
				2CDE5D1229C0671500E6BAE0 /* Preview Content */,
			);
			path = Appetizers;
			sourceTree = "<group>";
		};
		2CDE5D1229C0671500E6BAE0 /* Preview Content */ = {
			isa = PBXGroup;
			children = (
				2CDE5D1329C0671500E6BAE0 /* Preview Assets.xcassets */,
			);
			path = "Preview Content";
			sourceTree = "<group>";
		};
		7DCD5A152A22549800A41E6A /* Screens */ = {
			isa = PBXGroup;
			children = (
				2CDE5D0E29C0671400E6BAE0 /* AppetizerTabView.swift */,
				7DCD5A162A2254A000A41E6A /* AppetizerListView */,
				7DCD5A172A2254A700A41E6A /* AccountView */,
				7DCD5A182A2254B600A41E6A /* OrderView */,
			);
			path = Screens;
			sourceTree = "<group>";
		};
		7DCD5A162A2254A000A41E6A /* AppetizerListView */ = {
			isa = PBXGroup;
			children = (
				2CEBC9A629C861A400324B31 /* AppetizerListViewModel.swift */,
				2CDE5D1A29C067E100E6BAE0 /* AppetizerListView.swift */,
			);
			path = AppetizerListView;
			sourceTree = "<group>";
		};
		7DCD5A172A2254A700A41E6A /* AccountView */ = {
			isa = PBXGroup;
			children = (
				2CDE5D1C29C067E700E6BAE0 /* AccountView.swift */,
			);
			path = AccountView;
			sourceTree = "<group>";
		};
		7DCD5A182A2254B600A41E6A /* OrderView */ = {
			isa = PBXGroup;
			children = (
				2CDE5D1E29C067EB00E6BAE0 /* OrderView.swift */,
			);
			path = OrderView;
			sourceTree = "<group>";
		};
		7DCD5A192A2254DA00A41E6A /* Utilities */ = {
			isa = PBXGroup;
			children = (
				7DCD5A1C2A22550800A41E6A /* Alerts */,
				7DCD5A1B2A2254E600A41E6A /* Extensions */,
				7DCD5A1A2A2254E000A41E6A /* Managers */,
			);
			path = Utilities;
			sourceTree = "<group>";
		};
		7DCD5A1A2A2254E000A41E6A /* Managers */ = {
			isa = PBXGroup;
			children = (
				2CDE5D2429C49A8000E6BAE0 /* NetworkManager.swift */,
			);
			path = Managers;
			sourceTree = "<group>";
		};
		7DCD5A1B2A2254E600A41E6A /* Extensions */ = {
			isa = PBXGroup;
			children = (
				2CEBC9AC29C870FA00324B31 /* Color+Ext.swift */,
			);
			path = Extensions;
			sourceTree = "<group>";
		};
		7DCD5A1C2A22550800A41E6A /* Alerts */ = {
			isa = PBXGroup;
			children = (
				2CDE5D2629C49B8200E6BAE0 /* APError.swift */,
				2CEBC9A829C86C4700324B31 /* Alert.swift */,
			);
			path = Alerts;
			sourceTree = "<group>";
		};
		7DCD5A1D2A22551F00A41E6A /* Model */ = {
			isa = PBXGroup;
			children = (
				2CDE5D2029C1C99A00E6BAE0 /* Appetizer.swift */,
			);
			path = Model;
			sourceTree = "<group>";
		};
		7DCD5A1E2A22553F00A41E6A /* Views */ = {
			isa = PBXGroup;
			children = (
				7DCD5A212A22555100A41E6A /* Image */,
				7DCD5A202A22554C00A41E6A /* Cells */,
				7DCD5A1F2A22554500A41E6A /* UIKit Components */,
			);
			path = Views;
			sourceTree = "<group>";
		};
		7DCD5A1F2A22554500A41E6A /* UIKit Components */ = {
			isa = PBXGroup;
			children = (
				2CEBC9AA29C8700D00324B31 /* LoadingView.swift */,
			);
			path = "UIKit Components";
			sourceTree = "<group>";
		};
		7DCD5A202A22554C00A41E6A /* Cells */ = {
			isa = PBXGroup;
			children = (
				2CDE5D2229C208AA00E6BAE0 /* AppetizerListCell.swift */,
			);
			path = Cells;
			sourceTree = "<group>";
		};
		7DCD5A212A22555100A41E6A /* Image */ = {
			isa = PBXGroup;
			children = (
				7DCD5A132A22501500A41E6A /* RemoteImage.swift */,
			);
			path = Image;
			sourceTree = "<group>";
		};
/* End PBXGroup section */

/* Begin PBXNativeTarget section */
		2CDE5D0829C0671400E6BAE0 /* Appetizers */ = {
			isa = PBXNativeTarget;
			buildConfigurationList = 2CDE5D1729C0671500E6BAE0 /* Build configuration list for PBXNativeTarget "Appetizers" */;
			buildPhases = (
				2CDE5D0529C0671400E6BAE0 /* Sources */,
				2CDE5D0629C0671400E6BAE0 /* Frameworks */,
				2CDE5D0729C0671400E6BAE0 /* Resources */,
			);
			buildRules = (
			);
			dependencies = (
			);
			name = Appetizers;
			productName = Appetizers;
			productReference = 2CDE5D0929C0671400E6BAE0 /* Appetizers.app */;
			productType = "com.apple.product-type.application";
		};
/* End PBXNativeTarget section */

/* Begin PBXProject section */
		2CDE5D0129C0671400E6BAE0 /* Project object */ = {
			isa = PBXProject;
			attributes = {
				BuildIndependentTargetsInParallel = 1;
				LastSwiftUpdateCheck = 1420;
				LastUpgradeCheck = 1420;
				TargetAttributes = {
					2CDE5D0829C0671400E6BAE0 = {
						CreatedOnToolsVersion = 14.2;
					};
				};
			};
			buildConfigurationList = 2CDE5D0429C0671400E6BAE0 /* Build configuration list for PBXProject "Appetizers" */;
			compatibilityVersion = "Xcode 14.0";
			developmentRegion = en;
			hasScannedForEncodings = 0;
			knownRegions = (
				en,
				Base,
			);
			mainGroup = 2CDE5D0029C0671400E6BAE0;
			productRefGroup = 2CDE5D0A29C0671400E6BAE0 /* Products */;
			projectDirPath = "";
			projectRoot = "";
			targets = (
				2CDE5D0829C0671400E6BAE0 /* Appetizers */,
			);
		};
/* End PBXProject section */

/* Begin PBXResourcesBuildPhase section */
		2CDE5D0729C0671400E6BAE0 /* Resources */ = {
			isa = PBXResourcesBuildPhase;
			buildActionMask = 2147483647;
			files = (
				2CDE5D1429C0671500E6BAE0 /* Preview Assets.xcassets in Resources */,
				2CDE5D1129C0671500E6BAE0 /* Assets.xcassets in Resources */,
			);
			runOnlyForDeploymentPostprocessing = 0;
		};
/* End PBXResourcesBuildPhase section */

/* Begin PBXSourcesBuildPhase section */
		2CDE5D0529C0671400E6BAE0 /* Sources */ = {
			isa = PBXSourcesBuildPhase;
			buildActionMask = 2147483647;
			files = (
				2CDE5D2129C1C99A00E6BAE0 /* Appetizer.swift in Sources */,
				2CDE5D2729C49B8200E6BAE0 /* APError.swift in Sources */,
				2CDE5D2329C208AA00E6BAE0 /* AppetizerListCell.swift in Sources */,
				2CEBC9A729C861A400324B31 /* AppetizerListViewModel.swift in Sources */,
				2CEBC9AD29C870FA00324B31 /* Color+Ext.swift in Sources */,
				2CDE5D1D29C067E700E6BAE0 /* AccountView.swift in Sources */,
				2CEBC9AB29C8700D00324B31 /* LoadingView.swift in Sources */,
				2CDE5D1B29C067E100E6BAE0 /* AppetizerListView.swift in Sources */,
				2CDE5D2529C49A8000E6BAE0 /* NetworkManager.swift in Sources */,
				7DCD5A142A22501500A41E6A /* RemoteImage.swift in Sources */,
				2CDE5D0F29C0671400E6BAE0 /* AppetizerTabView.swift in Sources */,
				2CEBC9A929C86C4700324B31 /* Alert.swift in Sources */,
				2CDE5D0D29C0671400E6BAE0 /* AppetizersApp.swift in Sources */,
				2CDE5D1F29C067EB00E6BAE0 /* OrderView.swift in Sources */,
			);
			runOnlyForDeploymentPostprocessing = 0;
		};
/* End PBXSourcesBuildPhase section */

/* Begin XCBuildConfiguration section */
		2CDE5D1529C0671500E6BAE0 /* Debug */ = {
			isa = XCBuildConfiguration;
			buildSettings = {
				ALWAYS_SEARCH_USER_PATHS = NO;
				CLANG_ANALYZER_NONNULL = YES;
				CLANG_ANALYZER_NUMBER_OBJECT_CONVERSION = YES_AGGRESSIVE;
				CLANG_CXX_LANGUAGE_STANDARD = "gnu++20";
				CLANG_ENABLE_MODULES = YES;
				CLANG_ENABLE_OBJC_ARC = YES;
				CLANG_ENABLE_OBJC_WEAK = YES;
				CLANG_WARN_BLOCK_CAPTURE_AUTORELEASING = YES;
				CLANG_WARN_BOOL_CONVERSION = YES;
				CLANG_WARN_COMMA = YES;
				CLANG_WARN_CONSTANT_CONVERSION = YES;
				CLANG_WARN_DEPRECATED_OBJC_IMPLEMENTATIONS = YES;
				CLANG_WARN_DIRECT_OBJC_ISA_USAGE = YES_ERROR;
				CLANG_WARN_DOCUMENTATION_COMMENTS = YES;
				CLANG_WARN_EMPTY_BODY = YES;
				CLANG_WARN_ENUM_CONVERSION = YES;
				CLANG_WARN_INFINITE_RECURSION = YES;
				CLANG_WARN_INT_CONVERSION = YES;
				CLANG_WARN_NON_LITERAL_NULL_CONVERSION = YES;
				CLANG_WARN_OBJC_IMPLICIT_RETAIN_SELF = YES;
				CLANG_WARN_OBJC_LITERAL_CONVERSION = YES;
				CLANG_WARN_OBJC_ROOT_CLASS = YES_ERROR;
				CLANG_WARN_QUOTED_INCLUDE_IN_FRAMEWORK_HEADER = YES;
				CLANG_WARN_RANGE_LOOP_ANALYSIS = YES;
				CLANG_WARN_STRICT_PROTOTYPES = YES;
				CLANG_WARN_SUSPICIOUS_MOVE = YES;
				CLANG_WARN_UNGUARDED_AVAILABILITY = YES_AGGRESSIVE;
				CLANG_WARN_UNREACHABLE_CODE = YES;
				CLANG_WARN__DUPLICATE_METHOD_MATCH = YES;
				COPY_PHASE_STRIP = NO;
				DEBUG_INFORMATION_FORMAT = dwarf;
				ENABLE_STRICT_OBJC_MSGSEND = YES;
				ENABLE_TESTABILITY = YES;
				GCC_C_LANGUAGE_STANDARD = gnu11;
				GCC_DYNAMIC_NO_PIC = NO;
				GCC_NO_COMMON_BLOCKS = YES;
				GCC_OPTIMIZATION_LEVEL = 0;
				GCC_PREPROCESSOR_DEFINITIONS = (
					"DEBUG=1",
					"$(inherited)",
				);
				GCC_WARN_64_TO_32_BIT_CONVERSION = YES;
				GCC_WARN_ABOUT_RETURN_TYPE = YES_ERROR;
				GCC_WARN_UNDECLARED_SELECTOR = YES;
				GCC_WARN_UNINITIALIZED_AUTOS = YES_AGGRESSIVE;
				GCC_WARN_UNUSED_FUNCTION = YES;
				GCC_WARN_UNUSED_VARIABLE = YES;
				IPHONEOS_DEPLOYMENT_TARGET = 16.2;
				MTL_ENABLE_DEBUG_INFO = INCLUDE_SOURCE;
				MTL_FAST_MATH = YES;
				ONLY_ACTIVE_ARCH = YES;
				SDKROOT = iphoneos;
				SWIFT_ACTIVE_COMPILATION_CONDITIONS = DEBUG;
				SWIFT_OPTIMIZATION_LEVEL = "-Onone";
			};
			name = Debug;
		};
		2CDE5D1629C0671500E6BAE0 /* Release */ = {
			isa = XCBuildConfiguration;
			buildSettings = {
				ALWAYS_SEARCH_USER_PATHS = NO;
				CLANG_ANALYZER_NONNULL = YES;
				CLANG_ANALYZER_NUMBER_OBJECT_CONVERSION = YES_AGGRESSIVE;
				CLANG_CXX_LANGUAGE_STANDARD = "gnu++20";
				CLANG_ENABLE_MODULES = YES;
				CLANG_ENABLE_OBJC_ARC = YES;
				CLANG_ENABLE_OBJC_WEAK = YES;
				CLANG_WARN_BLOCK_CAPTURE_AUTORELEASING = YES;
				CLANG_WARN_BOOL_CONVERSION = YES;
				CLANG_WARN_COMMA = YES;
				CLANG_WARN_CONSTANT_CONVERSION = YES;
				CLANG_WARN_DEPRECATED_OBJC_IMPLEMENTATIONS = YES;
				CLANG_WARN_DIRECT_OBJC_ISA_USAGE = YES_ERROR;
				CLANG_WARN_DOCUMENTATION_COMMENTS = YES;
				CLANG_WARN_EMPTY_BODY = YES;
				CLANG_WARN_ENUM_CONVERSION = YES;
				CLANG_WARN_INFINITE_RECURSION = YES;
				CLANG_WARN_INT_CONVERSION = YES;
				CLANG_WARN_NON_LITERAL_NULL_CONVERSION = YES;
				CLANG_WARN_OBJC_IMPLICIT_RETAIN_SELF = YES;
				CLANG_WARN_OBJC_LITERAL_CONVERSION = YES;
				CLANG_WARN_OBJC_ROOT_CLASS = YES_ERROR;
				CLANG_WARN_QUOTED_INCLUDE_IN_FRAMEWORK_HEADER = YES;
				CLANG_WARN_RANGE_LOOP_ANALYSIS = YES;
				CLANG_WARN_STRICT_PROTOTYPES = YES;
				CLANG_WARN_SUSPICIOUS_MOVE = YES;
				CLANG_WARN_UNGUARDED_AVAILABILITY = YES_AGGRESSIVE;
				CLANG_WARN_UNREACHABLE_CODE = YES;
				CLANG_WARN__DUPLICATE_METHOD_MATCH = YES;
				COPY_PHASE_STRIP = NO;
				DEBUG_INFORMATION_FORMAT = "dwarf-with-dsym";
				ENABLE_NS_ASSERTIONS = NO;
				ENABLE_STRICT_OBJC_MSGSEND = YES;
				GCC_C_LANGUAGE_STANDARD = gnu11;
				GCC_NO_COMMON_BLOCKS = YES;
				GCC_WARN_64_TO_32_BIT_CONVERSION = YES;
				GCC_WARN_ABOUT_RETURN_TYPE = YES_ERROR;
				GCC_WARN_UNDECLARED_SELECTOR = YES;
				GCC_WARN_UNINITIALIZED_AUTOS = YES_AGGRESSIVE;
				GCC_WARN_UNUSED_FUNCTION = YES;
				GCC_WARN_UNUSED_VARIABLE = YES;
				IPHONEOS_DEPLOYMENT_TARGET = 16.2;
				MTL_ENABLE_DEBUG_INFO = NO;
				MTL_FAST_MATH = YES;
				SDKROOT = iphoneos;
				SWIFT_COMPILATION_MODE = wholemodule;
				SWIFT_OPTIMIZATION_LEVEL = "-O";
				VALIDATE_PRODUCT = YES;
			};
			name = Release;
		};
		2CDE5D1829C0671500E6BAE0 /* Debug */ = {
			isa = XCBuildConfiguration;
			buildSettings = {
				ASSETCATALOG_COMPILER_APPICON_NAME = AppIcon;
				ASSETCATALOG_COMPILER_GLOBAL_ACCENT_COLOR_NAME = AccentColor;
				CODE_SIGN_STYLE = Automatic;
				CURRENT_PROJECT_VERSION = 1;
				DEVELOPMENT_ASSET_PATHS = "\"Appetizers/Preview Content\"";
				DEVELOPMENT_TEAM = 75MFN5S8CZ;
				ENABLE_PREVIEWS = YES;
				GENERATE_INFOPLIST_FILE = YES;
				INFOPLIST_KEY_UIApplicationSceneManifest_Generation = YES;
				INFOPLIST_KEY_UIApplicationSupportsIndirectInputEvents = YES;
				INFOPLIST_KEY_UILaunchScreen_Generation = YES;
				INFOPLIST_KEY_UISupportedInterfaceOrientations_iPad = "UIInterfaceOrientationPortrait UIInterfaceOrientationPortraitUpsideDown UIInterfaceOrientationLandscapeLeft UIInterfaceOrientationLandscapeRight";
				INFOPLIST_KEY_UISupportedInterfaceOrientations_iPhone = "UIInterfaceOrientationPortrait UIInterfaceOrientationLandscapeLeft UIInterfaceOrientationLandscapeRight";
				LD_RUNPATH_SEARCH_PATHS = (
					"$(inherited)",
					"@executable_path/Frameworks",
				);
				MARKETING_VERSION = 1.0;
				PRODUCT_BUNDLE_IDENTIFIER = ivantrj.Appetizers;
				PRODUCT_NAME = "$(TARGET_NAME)";
				SWIFT_EMIT_LOC_STRINGS = YES;
				SWIFT_VERSION = 5.0;
				TARGETED_DEVICE_FAMILY = "1,2";
			};
			name = Debug;
		};
		2CDE5D1929C0671500E6BAE0 /* Release */ = {
			isa = XCBuildConfiguration;
			buildSettings = {
				ASSETCATALOG_COMPILER_APPICON_NAME = AppIcon;
				ASSETCATALOG_COMPILER_GLOBAL_ACCENT_COLOR_NAME = AccentColor;
				CODE_SIGN_STYLE = Automatic;
				CURRENT_PROJECT_VERSION = 1;
				DEVELOPMENT_ASSET_PATHS = "\"Appetizers/Preview Content\"";
				DEVELOPMENT_TEAM = 75MFN5S8CZ;
				ENABLE_PREVIEWS = YES;
				GENERATE_INFOPLIST_FILE = YES;
				INFOPLIST_KEY_UIApplicationSceneManifest_Generation = YES;
				INFOPLIST_KEY_UIApplicationSupportsIndirectInputEvents = YES;
				INFOPLIST_KEY_UILaunchScreen_Generation = YES;
				INFOPLIST_KEY_UISupportedInterfaceOrientations_iPad = "UIInterfaceOrientationPortrait UIInterfaceOrientationPortraitUpsideDown UIInterfaceOrientationLandscapeLeft UIInterfaceOrientationLandscapeRight";
				INFOPLIST_KEY_UISupportedInterfaceOrientations_iPhone = "UIInterfaceOrientationPortrait UIInterfaceOrientationLandscapeLeft UIInterfaceOrientationLandscapeRight";
				LD_RUNPATH_SEARCH_PATHS = (
					"$(inherited)",
					"@executable_path/Frameworks",
				);
				MARKETING_VERSION = 1.0;
				PRODUCT_BUNDLE_IDENTIFIER = ivantrj.Appetizers;
				PRODUCT_NAME = "$(TARGET_NAME)";
				SWIFT_EMIT_LOC_STRINGS = YES;
				SWIFT_VERSION = 5.0;
				TARGETED_DEVICE_FAMILY = "1,2";
			};
			name = Release;
		};
/* End XCBuildConfiguration section */

/* Begin XCConfigurationList section */
		2CDE5D0429C0671400E6BAE0 /* Build configuration list for PBXProject "Appetizers" */ = {
			isa = XCConfigurationList;
			buildConfigurations = (
				2CDE5D1529C0671500E6BAE0 /* Debug */,
				2CDE5D1629C0671500E6BAE0 /* Release */,
			);
			defaultConfigurationIsVisible = 0;
			defaultConfigurationName = Release;
		};
		2CDE5D1729C0671500E6BAE0 /* Build configuration list for PBXNativeTarget "Appetizers" */ = {
			isa = XCConfigurationList;
			buildConfigurations = (
				2CDE5D1829C0671500E6BAE0 /* Debug */,
				2CDE5D1929C0671500E6BAE0 /* Release */,
			);
			defaultConfigurationIsVisible = 0;
			defaultConfigurationName = Release;
		};
/* End XCConfigurationList section */
	};
	rootObject = 2CDE5D0129C0671400E6BAE0 /* Project object */;
}
